
Microsoft Visual Studio Solution File, Format Version 9.00
# Visual Studio 2005
Project("{8BC9CEB8-8B4A-11D0-8D11-00A0C91BC942}") = "DiMP1", "DiMP1\DiMP1_8.vcproj", "{3F13F5B7-31EA-4D1D-8889-EB89A8F9010B}"
EndProject
Project("{8BC9CEB8-8B4A-11D0-8D11-00A0C91BC942}") = "DiMP2", "DiMP2\DiMP2_8.vcproj", "{DCC97CE3-E3BF-4010-9407-1628E80D0899}"
EndProject
Global
	GlobalSection(SolutionConfigurationPlatforms) = preSolution
		Debug|Win32 = Debug|Win32
		Release|Win32 = Release|Win32
	EndGlobalSection
	GlobalSection(ProjectConfigurationPlatforms) = postSolution
		{3F13F5B7-31EA-4D1D-8889-EB89A8F9010B}.Debug|Win32.ActiveCfg = Debug|Win32
		{3F13F5B7-31EA-4D1D-8889-EB89A8F9010B}.Debug|Win32.Build.0 = Debug|Win32
		{3F13F5B7-31EA-4D1D-8889-EB89A8F9010B}.Release|Win32.ActiveCfg = Release|Win32
		{3F13F5B7-31EA-4D1D-8889-EB89A8F9010B}.Release|Win32.Build.0 = Release|Win32
		{DCC97CE3-E3BF-4010-9407-1628E80D0899}.Debug|Win32.ActiveCfg = Debug|Win32
		{DCC97CE3-E3BF-4010-9407-1628E80D0899}.Debug|Win32.Build.0 = Debug|Win32
		{DCC97CE3-E3BF-4010-9407-1628E80D0899}.Release|Win32.ActiveCfg = Release|Win32
		{DCC97CE3-E3BF-4010-9407-1628E80D0899}.Release|Win32.Build.0 = Release|Win32
	EndGlobalSection
	GlobalSection(SolutionProperties) = preSolution
		HideSolutionNode = FALSE
	EndGlobalSection
EndGlobal
