
Microsoft Visual Studio Solution File, Format Version 10.00
# Visual Studio 2008
Project("{8BC9CEB8-8B4A-11D0-8D11-00A0C91BC942}") = "DiMP", "DiMP1\DiMP1_9.vcproj", "{A3EF5719-6A28-432B-8AD5-449894B18A16}"
EndProject
Project("{8BC9CEB8-8B4A-11D0-8D11-00A0C91BC942}") = "DiMP2", "DiMP2\DiMP2_9.vcproj", "{38264F03-3A18-45A9-9DEE-5A258DCF221A}"
	ProjectSection(ProjectDependencies) = postProject
		{D285F919-85DF-4622-B9E3-80D104C72AB8} = {D285F919-85DF-4622-B9E3-80D104C72AB8}
	EndProjectSection
EndProject
Project("{8BC9CEB8-8B4A-11D0-8D11-00A0C91BC942}") = "RobotArm", "RobotArm\RobotArm9.vcproj", "{4424B4A3-7781-4246-8B81-3427C1AD2C34}"
	ProjectSection(ProjectDependencies) = postProject
		{38264F03-3A18-45A9-9DEE-5A258DCF221A} = {38264F03-3A18-45A9-9DEE-5A258DCF221A}
		{D285F919-85DF-4622-B9E3-80D104C72AB8} = {D285F919-85DF-4622-B9E3-80D104C72AB8}
	EndProjectSection
EndProject
Project("{8BC9CEB8-8B4A-11D0-8D11-00A0C91BC942}") = "src", "src\src9.vcproj", "{D285F919-85DF-4622-B9E3-80D104C72AB8}"
EndProject
Project("{8BC9CEB8-8B4A-11D0-8D11-00A0C91BC942}") = "BallCathing", "BallCatch2\BallCatch2_9.vcproj", "{94FD09A6-FCC5-4700-BEC6-AA8606EED00C}"
	ProjectSection(ProjectDependencies) = postProject
		{38264F03-3A18-45A9-9DEE-5A258DCF221A} = {38264F03-3A18-45A9-9DEE-5A258DCF221A}
		{D285F919-85DF-4622-B9E3-80D104C72AB8} = {D285F919-85DF-4622-B9E3-80D104C72AB8}
		{4424B4A3-7781-4246-8B81-3427C1AD2C34} = {4424B4A3-7781-4246-8B81-3427C1AD2C34}
	EndProjectSection
EndProject
Global
	GlobalSection(SolutionConfigurationPlatforms) = preSolution
		Debug|Win32 = Debug|Win32
		Release|Win32 = Release|Win32
	EndGlobalSection
	GlobalSection(ProjectConfigurationPlatforms) = postSolution
		{A3EF5719-6A28-432B-8AD5-449894B18A16}.Debug|Win32.ActiveCfg = Debug|Win32
		{A3EF5719-6A28-432B-8AD5-449894B18A16}.Debug|Win32.Build.0 = Debug|Win32
		{A3EF5719-6A28-432B-8AD5-449894B18A16}.Release|Win32.ActiveCfg = Release|Win32
		{A3EF5719-6A28-432B-8AD5-449894B18A16}.Release|Win32.Build.0 = Release|Win32
		{38264F03-3A18-45A9-9DEE-5A258DCF221A}.Debug|Win32.ActiveCfg = Debug|Win32
		{38264F03-3A18-45A9-9DEE-5A258DCF221A}.Debug|Win32.Build.0 = Debug|Win32
		{38264F03-3A18-45A9-9DEE-5A258DCF221A}.Release|Win32.ActiveCfg = Release|Win32
		{38264F03-3A18-45A9-9DEE-5A258DCF221A}.Release|Win32.Build.0 = Release|Win32
		{4424B4A3-7781-4246-8B81-3427C1AD2C34}.Debug|Win32.ActiveCfg = Debug|Win32
		{4424B4A3-7781-4246-8B81-3427C1AD2C34}.Debug|Win32.Build.0 = Debug|Win32
		{4424B4A3-7781-4246-8B81-3427C1AD2C34}.Release|Win32.ActiveCfg = Release|Win32
		{4424B4A3-7781-4246-8B81-3427C1AD2C34}.Release|Win32.Build.0 = Release|Win32
		{D285F919-85DF-4622-B9E3-80D104C72AB8}.Debug|Win32.ActiveCfg = Debug|Win32
		{D285F919-85DF-4622-B9E3-80D104C72AB8}.Debug|Win32.Build.0 = Debug|Win32
		{D285F919-85DF-4622-B9E3-80D104C72AB8}.Release|Win32.ActiveCfg = Release|Win32
		{D285F919-85DF-4622-B9E3-80D104C72AB8}.Release|Win32.Build.0 = Release|Win32
		{94FD09A6-FCC5-4700-BEC6-AA8606EED00C}.Debug|Win32.ActiveCfg = Debug|Win32
		{94FD09A6-FCC5-4700-BEC6-AA8606EED00C}.Debug|Win32.Build.0 = Debug|Win32
		{94FD09A6-FCC5-4700-BEC6-AA8606EED00C}.Release|Win32.ActiveCfg = Release|Win32
		{94FD09A6-FCC5-4700-BEC6-AA8606EED00C}.Release|Win32.Build.0 = Release|Win32
	EndGlobalSection
	GlobalSection(SolutionProperties) = preSolution
		HideSolutionNode = FALSE
	EndGlobalSection
EndGlobal
