<?xml version="1.0" encoding="utf-8"?>
<Project ToolsVersion="4.0" xmlns="http://schemas.microsoft.com/developer/msbuild/2003">
  <ItemGroup>
    <ClCompile Include="Constraint.cpp">
      <Filter>Solver</Filter>
    </ClCompile>
    <ClCompile Include="Geometry.cpp">
      <Filter>Graph</Filter>
    </ClCompile>
    <ClCompile Include="Link.cpp">
      <Filter>Solver</Filter>
    </ClCompile>
    <ClCompile Include="Node.cpp">
      <Filter>Graph</Filter>
    </ClCompile>
    <ClCompile Include="Object.cpp">
      <Filter>Graph</Filter>
    </ClCompile>
    <ClCompile Include="Solver.cpp">
      <Filter>Solver</Filter>
    </ClCompile>
    <ClCompile Include="Timing.cpp">
      <Filter>Graph</Filter>
    </ClCompile>
    <ClCompile Include="Variable.cpp">
      <Filter>Solver</Filter>
    </ClCompile>
    <ClCompile Include="Graph.cpp">
      <Filter>Graph</Filter>
    </ClCompile>
    <ClCompile Include="Task.cpp">
      <Filter>Graph</Filter>
    </ClCompile>
    <ClCompile Include="Vehicle.cpp">
      <Filter>Graph</Filter>
    </ClCompile>
    <ClCompile Include="Avoid.cpp">
      <Filter>Graph</Filter>
    </ClCompile>
    <ClCompile Include="SolverPareto.cpp">
      <Filter>Solver</Filter>
    </ClCompile>
    <ClCompile Include="Tree.cpp">
      <Filter>Graph</Filter>
    </ClCompile>
    <ClCompile Include="Contact.cpp">
      <Filter>Graph</Filter>
    </ClCompile>
    <ClCompile Include="DrawConfig.cpp">
      <Filter>Render</Filter>
    </ClCompile>
    <ClCompile Include="DrawCanvas.cpp">
      <Filter>Render</Filter>
    </ClCompile>
    <ClCompile Include="App.cpp">
      <Filter>App</Filter>
    </ClCompile>
    <ClCompile Include="Biped.cpp">
      <Filter>Graph</Filter>
    </ClCompile>
    <ClCompile Include="Loader.cpp">
      <Filter>Load</Filter>
    </ClCompile>
    <ClCompile Include="Range.cpp">
      <Filter>Solver</Filter>
    </ClCompile>
    <ClCompile Include="Joint.cpp">
      <Filter>Graph</Filter>
    </ClCompile>
    <ClCompile Include="Match.cpp">
      <Filter>Graph</Filter>
    </ClCompile>
  </ItemGroup>
  <ItemGroup>
    <ClInclude Include="Constraint.h">
      <Filter>Solver</Filter>
    </ClInclude>
    <ClInclude Include="Geometry.h">
      <Filter>Graph</Filter>
    </ClInclude>
    <ClInclude Include="Graph.h">
      <Filter>Graph</Filter>
    </ClInclude>
    <ClInclude Include="Joint.h">
      <Filter>Graph</Filter>
    </ClInclude>
    <ClInclude Include="Link.h">
      <Filter>Solver</Filter>
    </ClInclude>
    <ClInclude Include="Node.h">
      <Filter>Graph</Filter>
    </ClInclude>
    <ClInclude Include="Object.h">
      <Filter>Graph</Filter>
    </ClInclude>
    <ClInclude Include="Solver.h">
      <Filter>Solver</Filter>
    </ClInclude>
    <ClInclude Include="Timing.h">
      <Filter>Graph</Filter>
    </ClInclude>
    <ClInclude Include="Variable.h">
      <Filter>Solver</Filter>
    </ClInclude>
    <ClInclude Include="ID.h">
      <Filter>Solver</Filter>
    </ClInclude>
    <ClInclude Include="Task.h">
      <Filter>Graph</Filter>
    </ClInclude>
    <ClInclude Include="Vehicle.h">
      <Filter>Graph</Filter>
    </ClInclude>
    <ClInclude Include="Avoid.h">
      <Filter>Graph</Filter>
    </ClInclude>
    <ClInclude Include="Types.h">
      <Filter>Solver</Filter>
    </ClInclude>
    <ClInclude Include="Tree.h">
      <Filter>Graph</Filter>
    </ClInclude>
    <ClInclude Include="Contact.h">
      <Filter>Graph</Filter>
    </ClInclude>
    <ClInclude Include="DrawConfig.h">
      <Filter>Render</Filter>
    </ClInclude>
    <ClInclude Include="DrawCanvas.h">
      <Filter>Render</Filter>
    </ClInclude>
    <ClInclude Include="App.h">
      <Filter>App</Filter>
    </ClInclude>
    <ClInclude Include="Biped.h">
      <Filter>Graph</Filter>
    </ClInclude>
    <ClInclude Include="Loader.h">
      <Filter>Load</Filter>
    </ClInclude>
    <ClInclude Include="Range.h">
      <Filter>Solver</Filter>
    </ClInclude>
    <ClInclude Include="DiMP.h" />
    <ClInclude Include="Match.h">
      <Filter>Graph</Filter>
    </ClInclude>
  </ItemGroup>
  <ItemGroup>
    <Filter Include="Graph">
      <UniqueIdentifier>{c24316d9-c86f-4d97-85b1-815cb4c50754}</UniqueIdentifier>
    </Filter>
    <Filter Include="Solver">
      <UniqueIdentifier>{84e3c11d-9dc1-41cd-af6a-b27c72d0d3fd}</UniqueIdentifier>
    </Filter>
    <Filter Include="Render">
      <UniqueIdentifier>{ad1716cb-14be-4cf9-8587-74baec19f929}</UniqueIdentifier>
    </Filter>
    <Filter Include="Load">
      <UniqueIdentifier>{d9eea23e-4cc2-447e-b99b-3618cc5690d9}</UniqueIdentifier>
    </Filter>
    <Filter Include="App">
      <UniqueIdentifier>{800f353b-6b96-45f1-86fe-8fe70f552cee}</UniqueIdentifier>
    </Filter>
  </ItemGroup>
</Project>