<?xml version="1.0" encoding="utf-8"?>
<Project ToolsVersion="4.0" xmlns="http://schemas.microsoft.com/developer/msbuild/2003">
  <ItemGroup>
    <Filter Include="window">
      <UniqueIdentifier>{265d1747-41ee-48c9-bf74-68a33ef4ce67}</UniqueIdentifier>
    </Filter>
    <Filter Include="module">
      <UniqueIdentifier>{793eea3b-2d02-45df-ad3a-94f109a1c562}</UniqueIdentifier>
    </Filter>
    <Filter Include="base">
      <UniqueIdentifier>{686993e2-2c5a-4ff6-ba46-bcac1ae83a7f}</UniqueIdentifier>
    </Filter>
  </ItemGroup>
  <ItemGroup>
    <ClCompile Include="module\manager.cpp">
      <Filter>module</Filter>
    </ClCompile>
    <ClCompile Include="module\module.cpp">
      <Filter>module</Filter>
    </ClCompile>
    <ClCompile Include="module\rendering.cpp">
      <Filter>module</Filter>
    </ClCompile>
    <ClCompile Include="module\request.cpp">
      <Filter>module</Filter>
    </ClCompile>
    <ClCompile Include="window\camera.cpp">
      <Filter>window</Filter>
    </ClCompile>
    <ClCompile Include="window\viewer.cpp">
      <Filter>window</Filter>
    </ClCompile>
    <ClCompile Include="module\simulation.cpp">
      <Filter>module</Filter>
    </ClCompile>
    <ClCompile Include="window\panel.cpp">
      <Filter>window</Filter>
    </ClCompile>
  </ItemGroup>
  <ItemGroup>
    <ClInclude Include="module\manager.h">
      <Filter>module</Filter>
    </ClInclude>
    <ClInclude Include="module\module.h">
      <Filter>module</Filter>
    </ClInclude>
    <ClInclude Include="module\rendering.h">
      <Filter>module</Filter>
    </ClInclude>
    <ClInclude Include="module\request.h">
      <Filter>module</Filter>
    </ClInclude>
    <ClInclude Include="window\camera.h">
      <Filter>window</Filter>
    </ClInclude>
    <ClInclude Include="window\viewer.h">
      <Filter>window</Filter>
    </ClInclude>
    <ClInclude Include="base\typedefs.h">
      <Filter>base</Filter>
    </ClInclude>
    <ClInclude Include="module\simulation.h">
      <Filter>module</Filter>
    </ClInclude>
    <ClInclude Include="window\panel.h">
      <Filter>window</Filter>
    </ClInclude>
  </ItemGroup>
</Project>